
Microsoft Visual Studio Solution File, Format Version 12.00
Project("{FAE04EC0-301F-11D3-BF4B-00C04F79EFBC}") = "Domain", "Domain\Domain.csproj", "{8404C374-E04F-469C-B4A1-0C42493E5E39}"
EndProject
Project("{FAE04EC0-301F-11D3-BF4B-00C04F79EFBC}") = "BLL", "BLL\BLL.csproj", "{77BF3C2F-3C16-4C65-84BC-8FFD5D321074}"
EndProject
Project("{FAE04EC0-301F-11D3-BF4B-00C04F79EFBC}") = "DAL", "DAL\DAL.csproj", "{120AACF8-82D5-464F-BB32-0AA90B25E022}"
EndProject
Project("{2150E333-8FDC-42A3-9474-1A3956D46DE8}") = "Solution Items", "Solution Items", "{52BD4934-BFD9-4676-BB48-60215679D8B6}"
ProjectSection(SolutionItems) = preProject
	.gitignore = .gitignore
	Directory.Build.props = Directory.Build.props
	README.md = README.md
EndProjectSection
EndProject
Project("{FAE04EC0-301F-11D3-BF4B-00C04F79EFBC}") = "WebApp", "WebApp\WebApp.csproj", "{EE8ABBF5-7459-4C6D-8147-7E8E3DD6829E}"
EndProject
Project("{FAE04EC0-301F-11D3-BF4B-00C04F79EFBC}") = "Test", "Test\Test.csproj", "{4B5BA18B-1285-4F17-BA90-56E528BC6181}"
EndProject
Global
	GlobalSection(SolutionConfigurationPlatforms) = preSolution
		Debug|Any CPU = Debug|Any CPU
		Release|Any CPU = Release|Any CPU
	EndGlobalSection
	GlobalSection(ProjectConfigurationPlatforms) = postSolution
		{8404C374-E04F-469C-B4A1-0C42493E5E39}.Debug|Any CPU.ActiveCfg = Debug|Any CPU
		{8404C374-E04F-469C-B4A1-0C42493E5E39}.Debug|Any CPU.Build.0 = Debug|Any CPU
		{8404C374-E04F-469C-B4A1-0C42493E5E39}.Release|Any CPU.ActiveCfg = Release|Any CPU
		{8404C374-E04F-469C-B4A1-0C42493E5E39}.Release|Any CPU.Build.0 = Release|Any CPU
		{77BF3C2F-3C16-4C65-84BC-8FFD5D321074}.Debug|Any CPU.ActiveCfg = Debug|Any CPU
		{77BF3C2F-3C16-4C65-84BC-8FFD5D321074}.Debug|Any CPU.Build.0 = Debug|Any CPU
		{77BF3C2F-3C16-4C65-84BC-8FFD5D321074}.Release|Any CPU.ActiveCfg = Release|Any CPU
		{77BF3C2F-3C16-4C65-84BC-8FFD5D321074}.Release|Any CPU.Build.0 = Release|Any CPU
		{120AACF8-82D5-464F-BB32-0AA90B25E022}.Debug|Any CPU.ActiveCfg = Debug|Any CPU
		{120AACF8-82D5-464F-BB32-0AA90B25E022}.Debug|Any CPU.Build.0 = Debug|Any CPU
		{120AACF8-82D5-464F-BB32-0AA90B25E022}.Release|Any CPU.ActiveCfg = Release|Any CPU
		{120AACF8-82D5-464F-BB32-0AA90B25E022}.Release|Any CPU.Build.0 = Release|Any CPU
		{EE8ABBF5-7459-4C6D-8147-7E8E3DD6829E}.Debug|Any CPU.ActiveCfg = Debug|Any CPU
		{EE8ABBF5-7459-4C6D-8147-7E8E3DD6829E}.Debug|Any CPU.Build.0 = Debug|Any CPU
		{EE8ABBF5-7459-4C6D-8147-7E8E3DD6829E}.Release|Any CPU.ActiveCfg = Release|Any CPU
		{EE8ABBF5-7459-4C6D-8147-7E8E3DD6829E}.Release|Any CPU.Build.0 = Release|Any CPU
		{4B5BA18B-1285-4F17-BA90-56E528BC6181}.Debug|Any CPU.ActiveCfg = Debug|Any CPU
		{4B5BA18B-1285-4F17-BA90-56E528BC6181}.Debug|Any CPU.Build.0 = Debug|Any CPU
		{4B5BA18B-1285-4F17-BA90-56E528BC6181}.Release|Any CPU.ActiveCfg = Release|Any CPU
		{4B5BA18B-1285-4F17-BA90-56E528BC6181}.Release|Any CPU.Build.0 = Release|Any CPU
	EndGlobalSection
EndGlobal
